// !$*UTF8*$!
{
	archiveVersion = 1;
	classes = {
	};
	objectVersion = 48;
	objects = {

/* Begin PBXBuildFile section */
		541B1AA61F769638009F8B65 /* petvideo4.mp4 in Resources */ = {isa = PBXBuildFile; fileRef = 541B1AA21F769638009F8B65 /* petvideo4.mp4 */; };
		541B1AA71F769638009F8B65 /* petvideo3.mp4 in Resources */ = {isa = PBXBuildFile; fileRef = 541B1AA31F769638009F8B65 /* petvideo3.mp4 */; };
		541B1AA81F769638009F8B65 /* petvideo1.mp4 in Resources */ = {isa = PBXBuildFile; fileRef = 541B1AA41F769638009F8B65 /* petvideo1.mp4 */; };
		541B1AA91F769638009F8B65 /* petvideo2.mp4 in Resources */ = {isa = PBXBuildFile; fileRef = 541B1AA51F769638009F8B65 /* petvideo2.mp4 */; };
		541B1AFC1F76ABF2009F8B65 /* AssetsLibrary.framework in Frameworks */ = {isa = PBXBuildFile; fileRef = 541B1AFB1F76ABF2009F8B65 /* AssetsLibrary.framework */; };
		541B1AFE1F76AC0B009F8B65 /* Photos.framework in Frameworks */ = {isa = PBXBuildFile; fileRef = 541B1AFD1F76AC0B009F8B65 /* Photos.framework */; };
		541B1AFF1F76AC6E009F8B65 /* TZImagePickerController.bundle in Resources */ = {isa = PBXBuildFile; fileRef = 541B1ADE1F76AA07009F8B65 /* TZImagePickerController.bundle */; };
		541B1B001F76ACBE009F8B65 /* NSBundle+TZImagePicker.m in Sources */ = {isa = PBXBuildFile; fileRef = 541B1AE71F76AA08009F8B65 /* NSBundle+TZImagePicker.m */; };
		541B1B011F76ACC1009F8B65 /* TZAssetCell.m in Sources */ = {isa = PBXBuildFile; fileRef = 541B1AE11F76AA07009F8B65 /* TZAssetCell.m */; };
		541B1B021F76ACC3009F8B65 /* TZGifPhotoPreviewController.m in Sources */ = {isa = PBXBuildFile; fileRef = 541B1AF81F76AA0A009F8B65 /* TZGifPhotoPreviewController.m */; };
		541B1B031F76ACC5009F8B65 /* TZImageCropManager.m in Sources */ = {isa = PBXBuildFile; fileRef = 541B1AF11F76AA09009F8B65 /* TZImageCropManager.m */; };
		541B1B041F76ACC6009F8B65 /* TZImageManager.m in Sources */ = {isa = PBXBuildFile; fileRef = 541B1AF21F76AA09009F8B65 /* TZImageManager.m */; };
		541B1B051F76ACC8009F8B65 /* TZImagePickerController.m in Sources */ = {isa = PBXBuildFile; fileRef = 541B1AE51F76AA08009F8B65 /* TZImagePickerController.m */; };
		541B1B061F76ACCA009F8B65 /* TZLocationManager.m in Sources */ = {isa = PBXBuildFile; fileRef = 541B1AEC1F76AA08009F8B65 /* TZLocationManager.m */; };
		541B1B071F76ACCB009F8B65 /* TZPhotoPickerController.m in Sources */ = {isa = PBXBuildFile; fileRef = 541B1AF31F76AA09009F8B65 /* TZPhotoPickerController.m */; };
		541B1B081F76ACCD009F8B65 /* TZPhotoPreviewCell.m in Sources */ = {isa = PBXBuildFile; fileRef = 541B1AE61F76AA08009F8B65 /* TZPhotoPreviewCell.m */; };
		541B1B091F76ACCE009F8B65 /* TZPhotoPreviewController.m in Sources */ = {isa = PBXBuildFile; fileRef = 541B1AE91F76AA08009F8B65 /* TZPhotoPreviewController.m */; };
		541B1B0A1F76ACD0009F8B65 /* TZProgressView.m in Sources */ = {isa = PBXBuildFile; fileRef = 541B1ADD1F76AA07009F8B65 /* TZProgressView.m */; };
		541B1B0B1F76ACD1009F8B65 /* TZVideoPlayerController.m in Sources */ = {isa = PBXBuildFile; fileRef = 541B1AF01F76AA09009F8B65 /* TZVideoPlayerController.m */; };
		541B1B0C1F76ACD3009F8B65 /* UIView+Layout.m in Sources */ = {isa = PBXBuildFile; fileRef = 541B1AF71F76AA0A009F8B65 /* UIView+Layout.m */; };
		541B1B0D1F76ADBF009F8B65 /* TZAssetModel.m in Sources */ = {isa = PBXBuildFile; fileRef = 541B1AEF1F76AA09009F8B65 /* TZAssetModel.m */; };
		5460FD691F76D00C00646E2B /* CLPArticleViewController.m in Sources */ = {isa = PBXBuildFile; fileRef = 5460FD681F76D00C00646E2B /* CLPArticleViewController.m */; };
		5460FD6F1F76D07600646E2B /* CLPArticleDetailViewController.m in Sources */ = {isa = PBXBuildFile; fileRef = 5460FD6E1F76D07600646E2B /* CLPArticleDetailViewController.m */; };
		54CD26E81F76051E0027EA3A /* CLPPetHome.storyboard in Resources */ = {isa = PBXBuildFile; fileRef = 54CD26E71F76051E0027EA3A /* CLPPetHome.storyboard */; };
		54CD26EA1F7605440027EA3A /* CLPFollow.storyboard in Resources */ = {isa = PBXBuildFile; fileRef = 54CD26E91F7605440027EA3A /* CLPFollow.storyboard */; };
		54CD26EC1F76055F0027EA3A /* CLPPublish.storyboard in Resources */ = {isa = PBXBuildFile; fileRef = 54CD26EB1F76055F0027EA3A /* CLPPublish.storyboard */; };
		54CD26EE1F7605710027EA3A /* CLPUser.storyboard in Resources */ = {isa = PBXBuildFile; fileRef = 54CD26ED1F7605710027EA3A /* CLPUser.storyboard */; };
		54CD26F11F76072F0027EA3A /* CLPFollowViewController.m in Sources */ = {isa = PBXBuildFile; fileRef = 54CD26F01F76072F0027EA3A /* CLPFollowViewController.m */; };
		54CD26F51F7609A20027EA3A /* CLPFollowVideoTableViewCell.m in Sources */ = {isa = PBXBuildFile; fileRef = 54CD26F31F7609A20027EA3A /* CLPFollowVideoTableViewCell.m */; };
		54CD26F61F7609A20027EA3A /* CLPFollowVideoTableViewCell.xib in Resources */ = {isa = PBXBuildFile; fileRef = 54CD26F41F7609A20027EA3A /* CLPFollowVideoTableViewCell.xib */; };
		54CD26FA1F7609E10027EA3A /* CLPFollowImageTableViewCell.m in Sources */ = {isa = PBXBuildFile; fileRef = 54CD26F81F7609E10027EA3A /* CLPFollowImageTableViewCell.m */; };
		54CD26FB1F7609E10027EA3A /* CLPFollowImageTableViewCell.xib in Resources */ = {isa = PBXBuildFile; fileRef = 54CD26F91F7609E10027EA3A /* CLPFollowImageTableViewCell.xib */; };
		5827FCD11F760938004BBFB0 /* CLPPets.storyboard in Resources */ = {isa = PBXBuildFile; fileRef = 5827FCD01F760938004BBFB0 /* CLPPets.storyboard */; };
		5827FCD51F76286F004BBFB0 /* CLPPetsVideoPlayerViewController.m in Sources */ = {isa = PBXBuildFile; fileRef = 5827FCD41F76286F004BBFB0 /* CLPPetsVideoPlayerViewController.m */; };
		5827FCD61F762F35004BBFB0 /* IMG_5324.mov in Resources */ = {isa = PBXBuildFile; fileRef = 5827FCD21F7627B2004BBFB0 /* IMG_5324.mov */; };
		5827FCDE1F7665D6004BBFB0 /* Main.storyboard in Resources */ = {isa = PBXBuildFile; fileRef = 5827FCDC1F76654A004BBFB0 /* Main.storyboard */; };
		5827FCE51F767333004BBFB0 /* CLPPetsListCollectionViewCell.m in Sources */ = {isa = PBXBuildFile; fileRef = 5827FCE31F767333004BBFB0 /* CLPPetsListCollectionViewCell.m */; };
		5827FCE61F767333004BBFB0 /* CLPPetsListCollectionViewCell.xib in Resources */ = {isa = PBXBuildFile; fileRef = 5827FCE41F767333004BBFB0 /* CLPPetsListCollectionViewCell.xib */; };
		5827FCEA1F768E9C004BBFB0 /* CLPTabBarController.m in Sources */ = {isa = PBXBuildFile; fileRef = 5827FCE91F768E9C004BBFB0 /* CLPTabBarController.m */; };
		5827FCEF1F7694EE004BBFB0 /* CLPPublishPopupViewController.m in Sources */ = {isa = PBXBuildFile; fileRef = 5827FCEE1F7694EE004BBFB0 /* CLPPublishPopupViewController.m */; };
		5827FCF21F7697DE004BBFB0 /* CLPPublishPopupBackgroundViewController.m in Sources */ = {isa = PBXBuildFile; fileRef = 5827FCF11F7697DE004BBFB0 /* CLPPublishPopupBackgroundViewController.m */; };
		5827FCF51F76A429004BBFB0 /* CLPPetHomeViewController.m in Sources */ = {isa = PBXBuildFile; fileRef = 5827FCF41F76A429004BBFB0 /* CLPPetHomeViewController.m */; };
		584A0BA11F710532006BC776 /* AppDelegate.m in Sources */ = {isa = PBXBuildFile; fileRef = 584A0BA01F710532006BC776 /* AppDelegate.m */; };
		584A0BA41F710532006BC776 /* ViewController.m in Sources */ = {isa = PBXBuildFile; fileRef = 584A0BA31F710532006BC776 /* ViewController.m */; };
		584A0BA91F710532006BC776 /* Assets.xcassets in Resources */ = {isa = PBXBuildFile; fileRef = 584A0BA81F710532006BC776 /* Assets.xcassets */; };
		584A0BAC1F710532006BC776 /* LaunchScreen.storyboard in Resources */ = {isa = PBXBuildFile; fileRef = 584A0BAA1F710532006BC776 /* LaunchScreen.storyboard */; };
		584A0BAF1F710532006BC776 /* main.m in Sources */ = {isa = PBXBuildFile; fileRef = 584A0BAE1F710532006BC776 /* main.m */; };
		584A0BB91F710533006BC776 /* CloudPetsTests.m in Sources */ = {isa = PBXBuildFile; fileRef = 584A0BB81F710533006BC776 /* CloudPetsTests.m */; };
		584A0BC41F710533006BC776 /* CloudPetsUITests.m in Sources */ = {isa = PBXBuildFile; fileRef = 584A0BC31F710533006BC776 /* CloudPetsUITests.m */; };
		584A0BD51F7107D3006BC776 /* CLPPetListCollectionViewController.m in Sources */ = {isa = PBXBuildFile; fileRef = 584A0BD41F7107D3006BC776 /* CLPPetListCollectionViewController.m */; };
		584A0BDB1F710DD5006BC776 /* CLPPetShowcaseTableViewController.m in Sources */ = {isa = PBXBuildFile; fileRef = 584A0BDA1F710DD5006BC776 /* CLPPetShowcaseTableViewController.m */; };
		58B2FCF71F71241300966D7E /* CLPetLiveViewController.m in Sources */ = {isa = PBXBuildFile; fileRef = 58B2FCF61F71241300966D7E /* CLPetLiveViewController.m */; };
/* End PBXBuildFile section */

/* Begin PBXContainerItemProxy section */
		584A0BB51F710533006BC776 /* PBXContainerItemProxy */ = {
			isa = PBXContainerItemProxy;
			containerPortal = 584A0B941F710532006BC776 /* Project object */;
			proxyType = 1;
			remoteGlobalIDString = 584A0B9B1F710532006BC776;
			remoteInfo = CloudPets;
		};
		584A0BC01F710533006BC776 /* PBXContainerItemProxy */ = {
			isa = PBXContainerItemProxy;
			containerPortal = 584A0B941F710532006BC776 /* Project object */;
			proxyType = 1;
			remoteGlobalIDString = 584A0B9B1F710532006BC776;
			remoteInfo = CloudPets;
		};
/* End PBXContainerItemProxy section */

/* Begin PBXFileReference section */
		541B1AA21F769638009F8B65 /* petvideo4.mp4 */ = {isa = PBXFileReference; lastKnownFileType = file; path = petvideo4.mp4; sourceTree = "<group>"; };
		541B1AA31F769638009F8B65 /* petvideo3.mp4 */ = {isa = PBXFileReference; lastKnownFileType = file; path = petvideo3.mp4; sourceTree = "<group>"; };
		541B1AA41F769638009F8B65 /* petvideo1.mp4 */ = {isa = PBXFileReference; lastKnownFileType = file; path = petvideo1.mp4; sourceTree = "<group>"; };
		541B1AA51F769638009F8B65 /* petvideo2.mp4 */ = {isa = PBXFileReference; lastKnownFileType = file; path = petvideo2.mp4; sourceTree = "<group>"; };
		541B1ADC1F76AA07009F8B65 /* TZImageManager.h */ = {isa = PBXFileReference; lastKnownFileType = sourcecode.c.h; path = TZImageManager.h; sourceTree = "<group>"; };
		541B1ADD1F76AA07009F8B65 /* TZProgressView.m */ = {isa = PBXFileReference; lastKnownFileType = sourcecode.c.objc; path = TZProgressView.m; sourceTree = "<group>"; };
		541B1ADE1F76AA07009F8B65 /* TZImagePickerController.bundle */ = {isa = PBXFileReference; lastKnownFileType = "wrapper.plug-in"; path = TZImagePickerController.bundle; sourceTree = "<group>"; };
		541B1ADF1F76AA07009F8B65 /* TZLocationManager.h */ = {isa = PBXFileReference; lastKnownFileType = sourcecode.c.h; path = TZLocationManager.h; sourceTree = "<group>"; };
		541B1AE01F76AA07009F8B65 /* TZAssetModel.h */ = {isa = PBXFileReference; lastKnownFileType = sourcecode.c.h; path = TZAssetModel.h; sourceTree = "<group>"; };
		541B1AE11F76AA07009F8B65 /* TZAssetCell.m */ = {isa = PBXFileReference; lastKnownFileType = sourcecode.c.objc; path = TZAssetCell.m; sourceTree = "<group>"; };
		541B1AE21F76AA08009F8B65 /* TZPhotoPickerController.h */ = {isa = PBXFileReference; lastKnownFileType = sourcecode.c.h; path = TZPhotoPickerController.h; sourceTree = "<group>"; };
		541B1AE31F76AA08009F8B65 /* TZGifPhotoPreviewController.h */ = {isa = PBXFileReference; lastKnownFileType = sourcecode.c.h; path = TZGifPhotoPreviewController.h; sourceTree = "<group>"; };
		541B1AE41F76AA08009F8B65 /* TZVideoPlayerController.h */ = {isa = PBXFileReference; lastKnownFileType = sourcecode.c.h; path = TZVideoPlayerController.h; sourceTree = "<group>"; };
		541B1AE51F76AA08009F8B65 /* TZImagePickerController.m */ = {isa = PBXFileReference; lastKnownFileType = sourcecode.c.objc; path = TZImagePickerController.m; sourceTree = "<group>"; };
		541B1AE61F76AA08009F8B65 /* TZPhotoPreviewCell.m */ = {isa = PBXFileReference; lastKnownFileType = sourcecode.c.objc; path = TZPhotoPreviewCell.m; sourceTree = "<group>"; };
		541B1AE71F76AA08009F8B65 /* NSBundle+TZImagePicker.m */ = {isa = PBXFileReference; lastKnownFileType = sourcecode.c.objc; path = "NSBundle+TZImagePicker.m"; sourceTree = "<group>"; };
		541B1AE81F76AA08009F8B65 /* TZPhotoPreviewController.h */ = {isa = PBXFileReference; lastKnownFileType = sourcecode.c.h; path = TZPhotoPreviewController.h; sourceTree = "<group>"; };
		541B1AE91F76AA08009F8B65 /* TZPhotoPreviewController.m */ = {isa = PBXFileReference; lastKnownFileType = sourcecode.c.objc; path = TZPhotoPreviewController.m; sourceTree = "<group>"; };
		541B1AEA1F76AA08009F8B65 /* TZAssetCell.h */ = {isa = PBXFileReference; lastKnownFileType = sourcecode.c.h; path = TZAssetCell.h; sourceTree = "<group>"; };
		541B1AEB1F76AA08009F8B65 /* TZPhotoPreviewCell.h */ = {isa = PBXFileReference; lastKnownFileType = sourcecode.c.h; path = TZPhotoPreviewCell.h; sourceTree = "<group>"; };
		541B1AEC1F76AA08009F8B65 /* TZLocationManager.m */ = {isa = PBXFileReference; lastKnownFileType = sourcecode.c.objc; path = TZLocationManager.m; sourceTree = "<group>"; };
		541B1AED1F76AA08009F8B65 /* NSBundle+TZImagePicker.h */ = {isa = PBXFileReference; lastKnownFileType = sourcecode.c.h; path = "NSBundle+TZImagePicker.h"; sourceTree = "<group>"; };
		541B1AEE1F76AA09009F8B65 /* TZImagePickerController.h */ = {isa = PBXFileReference; lastKnownFileType = sourcecode.c.h; path = TZImagePickerController.h; sourceTree = "<group>"; };
		541B1AEF1F76AA09009F8B65 /* TZAssetModel.m */ = {isa = PBXFileReference; lastKnownFileType = sourcecode.c.objc; path = TZAssetModel.m; sourceTree = "<group>"; };
		541B1AF01F76AA09009F8B65 /* TZVideoPlayerController.m */ = {isa = PBXFileReference; lastKnownFileType = sourcecode.c.objc; path = TZVideoPlayerController.m; sourceTree = "<group>"; };
		541B1AF11F76AA09009F8B65 /* TZImageCropManager.m */ = {isa = PBXFileReference; lastKnownFileType = sourcecode.c.objc; path = TZImageCropManager.m; sourceTree = "<group>"; };
		541B1AF21F76AA09009F8B65 /* TZImageManager.m */ = {isa = PBXFileReference; lastKnownFileType = sourcecode.c.objc; path = TZImageManager.m; sourceTree = "<group>"; };
		541B1AF31F76AA09009F8B65 /* TZPhotoPickerController.m */ = {isa = PBXFileReference; lastKnownFileType = sourcecode.c.objc; path = TZPhotoPickerController.m; sourceTree = "<group>"; };
		541B1AF41F76AA09009F8B65 /* TZImageCropManager.h */ = {isa = PBXFileReference; lastKnownFileType = sourcecode.c.h; path = TZImageCropManager.h; sourceTree = "<group>"; };
		541B1AF51F76AA09009F8B65 /* TZProgressView.h */ = {isa = PBXFileReference; lastKnownFileType = sourcecode.c.h; path = TZProgressView.h; sourceTree = "<group>"; };
		541B1AF61F76AA0A009F8B65 /* UIView+Layout.h */ = {isa = PBXFileReference; lastKnownFileType = sourcecode.c.h; path = "UIView+Layout.h"; sourceTree = "<group>"; };
		541B1AF71F76AA0A009F8B65 /* UIView+Layout.m */ = {isa = PBXFileReference; lastKnownFileType = sourcecode.c.objc; path = "UIView+Layout.m"; sourceTree = "<group>"; };
		541B1AF81F76AA0A009F8B65 /* TZGifPhotoPreviewController.m */ = {isa = PBXFileReference; lastKnownFileType = sourcecode.c.objc; path = TZGifPhotoPreviewController.m; sourceTree = "<group>"; };
		541B1AFB1F76ABF2009F8B65 /* AssetsLibrary.framework */ = {isa = PBXFileReference; lastKnownFileType = wrapper.framework; name = AssetsLibrary.framework; path = System/Library/Frameworks/AssetsLibrary.framework; sourceTree = SDKROOT; };
		541B1AFD1F76AC0B009F8B65 /* Photos.framework */ = {isa = PBXFileReference; lastKnownFileType = wrapper.framework; name = Photos.framework; path = System/Library/Frameworks/Photos.framework; sourceTree = SDKROOT; };
		5460FD671F76D00C00646E2B /* CLPArticleViewController.h */ = {isa = PBXFileReference; lastKnownFileType = sourcecode.c.h; path = CLPArticleViewController.h; sourceTree = "<group>"; };
		5460FD681F76D00C00646E2B /* CLPArticleViewController.m */ = {isa = PBXFileReference; lastKnownFileType = sourcecode.c.objc; path = CLPArticleViewController.m; sourceTree = "<group>"; };
		5460FD6D1F76D07600646E2B /* CLPArticleDetailViewController.h */ = {isa = PBXFileReference; lastKnownFileType = sourcecode.c.h; path = CLPArticleDetailViewController.h; sourceTree = "<group>"; };
		5460FD6E1F76D07600646E2B /* CLPArticleDetailViewController.m */ = {isa = PBXFileReference; lastKnownFileType = sourcecode.c.objc; path = CLPArticleDetailViewController.m; sourceTree = "<group>"; };
		54CD26E71F76051E0027EA3A /* CLPPetHome.storyboard */ = {isa = PBXFileReference; lastKnownFileType = file.storyboard; path = CLPPetHome.storyboard; sourceTree = "<group>"; };
		54CD26E91F7605440027EA3A /* CLPFollow.storyboard */ = {isa = PBXFileReference; lastKnownFileType = file.storyboard; path = CLPFollow.storyboard; sourceTree = "<group>"; };
		54CD26EB1F76055F0027EA3A /* CLPPublish.storyboard */ = {isa = PBXFileReference; lastKnownFileType = file.storyboard; path = CLPPublish.storyboard; sourceTree = "<group>"; };
		54CD26ED1F7605710027EA3A /* CLPUser.storyboard */ = {isa = PBXFileReference; lastKnownFileType = file.storyboard; path = CLPUser.storyboard; sourceTree = "<group>"; };
		54CD26EF1F76072F0027EA3A /* CLPFollowViewController.h */ = {isa = PBXFileReference; lastKnownFileType = sourcecode.c.h; path = CLPFollowViewController.h; sourceTree = "<group>"; };
		54CD26F01F76072F0027EA3A /* CLPFollowViewController.m */ = {isa = PBXFileReference; lastKnownFileType = sourcecode.c.objc; path = CLPFollowViewController.m; sourceTree = "<group>"; };
		54CD26F21F7609A20027EA3A /* CLPFollowVideoTableViewCell.h */ = {isa = PBXFileReference; lastKnownFileType = sourcecode.c.h; path = CLPFollowVideoTableViewCell.h; sourceTree = "<group>"; };
		54CD26F31F7609A20027EA3A /* CLPFollowVideoTableViewCell.m */ = {isa = PBXFileReference; lastKnownFileType = sourcecode.c.objc; path = CLPFollowVideoTableViewCell.m; sourceTree = "<group>"; };
		54CD26F41F7609A20027EA3A /* CLPFollowVideoTableViewCell.xib */ = {isa = PBXFileReference; lastKnownFileType = file.xib; path = CLPFollowVideoTableViewCell.xib; sourceTree = "<group>"; };
		54CD26F71F7609E10027EA3A /* CLPFollowImageTableViewCell.h */ = {isa = PBXFileReference; lastKnownFileType = sourcecode.c.h; path = CLPFollowImageTableViewCell.h; sourceTree = "<group>"; };
		54CD26F81F7609E10027EA3A /* CLPFollowImageTableViewCell.m */ = {isa = PBXFileReference; lastKnownFileType = sourcecode.c.objc; path = CLPFollowImageTableViewCell.m; sourceTree = "<group>"; };
		54CD26F91F7609E10027EA3A /* CLPFollowImageTableViewCell.xib */ = {isa = PBXFileReference; lastKnownFileType = file.xib; path = CLPFollowImageTableViewCell.xib; sourceTree = "<group>"; };
		5827FCD01F760938004BBFB0 /* CLPPets.storyboard */ = {isa = PBXFileReference; lastKnownFileType = file.storyboard; path = CLPPets.storyboard; sourceTree = "<group>"; };
		5827FCD21F7627B2004BBFB0 /* IMG_5324.mov */ = {isa = PBXFileReference; lastKnownFileType = video.quicktime; path = IMG_5324.mov; sourceTree = "<group>"; };
		5827FCD31F76286F004BBFB0 /* CLPPetsVideoPlayerViewController.h */ = {isa = PBXFileReference; lastKnownFileType = sourcecode.c.h; path = CLPPetsVideoPlayerViewController.h; sourceTree = "<group>"; };
		5827FCD41F76286F004BBFB0 /* CLPPetsVideoPlayerViewController.m */ = {isa = PBXFileReference; lastKnownFileType = sourcecode.c.objc; path = CLPPetsVideoPlayerViewController.m; sourceTree = "<group>"; };
		5827FCDD1F76654A004BBFB0 /* Base */ = {isa = PBXFileReference; lastKnownFileType = file.storyboard; name = Base; path = Base.lproj/Main.storyboard; sourceTree = "<group>"; };
		5827FCE21F767333004BBFB0 /* CLPPetsListCollectionViewCell.h */ = {isa = PBXFileReference; lastKnownFileType = sourcecode.c.h; path = CLPPetsListCollectionViewCell.h; sourceTree = "<group>"; };
		5827FCE31F767333004BBFB0 /* CLPPetsListCollectionViewCell.m */ = {isa = PBXFileReference; lastKnownFileType = sourcecode.c.objc; path = CLPPetsListCollectionViewCell.m; sourceTree = "<group>"; };
		5827FCE41F767333004BBFB0 /* CLPPetsListCollectionViewCell.xib */ = {isa = PBXFileReference; lastKnownFileType = file.xib; path = CLPPetsListCollectionViewCell.xib; sourceTree = "<group>"; };
		5827FCE81F768E9C004BBFB0 /* CLPTabBarController.h */ = {isa = PBXFileReference; lastKnownFileType = sourcecode.c.h; path = CLPTabBarController.h; sourceTree = "<group>"; };
		5827FCE91F768E9C004BBFB0 /* CLPTabBarController.m */ = {isa = PBXFileReference; lastKnownFileType = sourcecode.c.objc; path = CLPTabBarController.m; sourceTree = "<group>"; };
		5827FCED1F7694EE004BBFB0 /* CLPPublishPopupViewController.h */ = {isa = PBXFileReference; lastKnownFileType = sourcecode.c.h; path = CLPPublishPopupViewController.h; sourceTree = "<group>"; };
		5827FCEE1F7694EE004BBFB0 /* CLPPublishPopupViewController.m */ = {isa = PBXFileReference; lastKnownFileType = sourcecode.c.objc; path = CLPPublishPopupViewController.m; sourceTree = "<group>"; };
		5827FCF01F7697DE004BBFB0 /* CLPPublishPopupBackgroundViewController.h */ = {isa = PBXFileReference; lastKnownFileType = sourcecode.c.h; path = CLPPublishPopupBackgroundViewController.h; sourceTree = "<group>"; };
		5827FCF11F7697DE004BBFB0 /* CLPPublishPopupBackgroundViewController.m */ = {isa = PBXFileReference; lastKnownFileType = sourcecode.c.objc; path = CLPPublishPopupBackgroundViewController.m; sourceTree = "<group>"; };
		5827FCF31F76A429004BBFB0 /* CLPPetHomeViewController.h */ = {isa = PBXFileReference; lastKnownFileType = sourcecode.c.h; path = CLPPetHomeViewController.h; sourceTree = "<group>"; };
		5827FCF41F76A429004BBFB0 /* CLPPetHomeViewController.m */ = {isa = PBXFileReference; lastKnownFileType = sourcecode.c.objc; path = CLPPetHomeViewController.m; sourceTree = "<group>"; };
		584A0B9C1F710532006BC776 /* CloudPets.app */ = {isa = PBXFileReference; explicitFileType = wrapper.application; includeInIndex = 0; path = CloudPets.app; sourceTree = BUILT_PRODUCTS_DIR; };
		584A0B9F1F710532006BC776 /* AppDelegate.h */ = {isa = PBXFileReference; lastKnownFileType = sourcecode.c.h; path = AppDelegate.h; sourceTree = "<group>"; };
		584A0BA01F710532006BC776 /* AppDelegate.m */ = {isa = PBXFileReference; lastKnownFileType = sourcecode.c.objc; path = AppDelegate.m; sourceTree = "<group>"; };
		584A0BA21F710532006BC776 /* ViewController.h */ = {isa = PBXFileReference; lastKnownFileType = sourcecode.c.h; path = ViewController.h; sourceTree = "<group>"; };
		584A0BA31F710532006BC776 /* ViewController.m */ = {isa = PBXFileReference; lastKnownFileType = sourcecode.c.objc; path = ViewController.m; sourceTree = "<group>"; };
		584A0BA81F710532006BC776 /* Assets.xcassets */ = {isa = PBXFileReference; lastKnownFileType = folder.assetcatalog; path = Assets.xcassets; sourceTree = "<group>"; };
		584A0BAB1F710532006BC776 /* Base */ = {isa = PBXFileReference; lastKnownFileType = file.storyboard; name = Base; path = Base.lproj/LaunchScreen.storyboard; sourceTree = "<group>"; };
		584A0BAD1F710532006BC776 /* Info.plist */ = {isa = PBXFileReference; lastKnownFileType = text.plist.xml; path = Info.plist; sourceTree = "<group>"; };
		584A0BAE1F710532006BC776 /* main.m */ = {isa = PBXFileReference; lastKnownFileType = sourcecode.c.objc; path = main.m; sourceTree = "<group>"; };
		584A0BB41F710533006BC776 /* CloudPetsTests.xctest */ = {isa = PBXFileReference; explicitFileType = wrapper.cfbundle; includeInIndex = 0; path = CloudPetsTests.xctest; sourceTree = BUILT_PRODUCTS_DIR; };
		584A0BB81F710533006BC776 /* CloudPetsTests.m */ = {isa = PBXFileReference; lastKnownFileType = sourcecode.c.objc; path = CloudPetsTests.m; sourceTree = "<group>"; };
		584A0BBA1F710533006BC776 /* Info.plist */ = {isa = PBXFileReference; lastKnownFileType = text.plist.xml; path = Info.plist; sourceTree = "<group>"; };
		584A0BBF1F710533006BC776 /* CloudPetsUITests.xctest */ = {isa = PBXFileReference; explicitFileType = wrapper.cfbundle; includeInIndex = 0; path = CloudPetsUITests.xctest; sourceTree = BUILT_PRODUCTS_DIR; };
		584A0BC31F710533006BC776 /* CloudPetsUITests.m */ = {isa = PBXFileReference; lastKnownFileType = sourcecode.c.objc; path = CloudPetsUITests.m; sourceTree = "<group>"; };
		584A0BC51F710533006BC776 /* Info.plist */ = {isa = PBXFileReference; lastKnownFileType = text.plist.xml; path = Info.plist; sourceTree = "<group>"; };
		584A0BD31F7107D3006BC776 /* CLPPetListCollectionViewController.h */ = {isa = PBXFileReference; lastKnownFileType = sourcecode.c.h; path = CLPPetListCollectionViewController.h; sourceTree = "<group>"; };
		584A0BD41F7107D3006BC776 /* CLPPetListCollectionViewController.m */ = {isa = PBXFileReference; lastKnownFileType = sourcecode.c.objc; path = CLPPetListCollectionViewController.m; sourceTree = "<group>"; };
		584A0BD91F710DD5006BC776 /* CLPPetShowcaseTableViewController.h */ = {isa = PBXFileReference; lastKnownFileType = sourcecode.c.h; path = CLPPetShowcaseTableViewController.h; sourceTree = "<group>"; };
		584A0BDA1F710DD5006BC776 /* CLPPetShowcaseTableViewController.m */ = {isa = PBXFileReference; lastKnownFileType = sourcecode.c.objc; path = CLPPetShowcaseTableViewController.m; sourceTree = "<group>"; };
		58B2FCF51F71241300966D7E /* CLPetLiveViewController.h */ = {isa = PBXFileReference; lastKnownFileType = sourcecode.c.h; path = CLPetLiveViewController.h; sourceTree = "<group>"; };
		58B2FCF61F71241300966D7E /* CLPetLiveViewController.m */ = {isa = PBXFileReference; lastKnownFileType = sourcecode.c.objc; path = CLPetLiveViewController.m; sourceTree = "<group>"; };
/* End PBXFileReference section */

/* Begin PBXFrameworksBuildPhase section */
		584A0B991F710532006BC776 /* Frameworks */ = {
			isa = PBXFrameworksBuildPhase;
			buildActionMask = 2147483647;
			files = (
				541B1AFE1F76AC0B009F8B65 /* Photos.framework in Frameworks */,
				541B1AFC1F76ABF2009F8B65 /* AssetsLibrary.framework in Frameworks */,
			);
			runOnlyForDeploymentPostprocessing = 0;
		};
		584A0BB11F710533006BC776 /* Frameworks */ = {
			isa = PBXFrameworksBuildPhase;
			buildActionMask = 2147483647;
			files = (
			);
			runOnlyForDeploymentPostprocessing = 0;
		};
		584A0BBC1F710533006BC776 /* Frameworks */ = {
			isa = PBXFrameworksBuildPhase;
			buildActionMask = 2147483647;
			files = (
			);
			runOnlyForDeploymentPostprocessing = 0;
		};
/* End PBXFrameworksBuildPhase section */

/* Begin PBXGroup section */
		541B1ADB1F76A9D2009F8B65 /* TZImagePickerController */ = {
			isa = PBXGroup;
			children = (
				541B1AED1F76AA08009F8B65 /* NSBundle+TZImagePicker.h */,
				541B1AE71F76AA08009F8B65 /* NSBundle+TZImagePicker.m */,
				541B1AEA1F76AA08009F8B65 /* TZAssetCell.h */,
				541B1AE11F76AA07009F8B65 /* TZAssetCell.m */,
				541B1AE01F76AA07009F8B65 /* TZAssetModel.h */,
				541B1AEF1F76AA09009F8B65 /* TZAssetModel.m */,
				541B1AE31F76AA08009F8B65 /* TZGifPhotoPreviewController.h */,
				541B1AF81F76AA0A009F8B65 /* TZGifPhotoPreviewController.m */,
				541B1AF41F76AA09009F8B65 /* TZImageCropManager.h */,
				541B1AF11F76AA09009F8B65 /* TZImageCropManager.m */,
				541B1ADC1F76AA07009F8B65 /* TZImageManager.h */,
				541B1AF21F76AA09009F8B65 /* TZImageManager.m */,
				541B1ADE1F76AA07009F8B65 /* TZImagePickerController.bundle */,
				541B1AEE1F76AA09009F8B65 /* TZImagePickerController.h */,
				541B1AE51F76AA08009F8B65 /* TZImagePickerController.m */,
				541B1ADF1F76AA07009F8B65 /* TZLocationManager.h */,
				541B1AEC1F76AA08009F8B65 /* TZLocationManager.m */,
				541B1AE21F76AA08009F8B65 /* TZPhotoPickerController.h */,
				541B1AF31F76AA09009F8B65 /* TZPhotoPickerController.m */,
				541B1AEB1F76AA08009F8B65 /* TZPhotoPreviewCell.h */,
				541B1AE61F76AA08009F8B65 /* TZPhotoPreviewCell.m */,
				541B1AE81F76AA08009F8B65 /* TZPhotoPreviewController.h */,
				541B1AE91F76AA08009F8B65 /* TZPhotoPreviewController.m */,
				541B1AF51F76AA09009F8B65 /* TZProgressView.h */,
				541B1ADD1F76AA07009F8B65 /* TZProgressView.m */,
				541B1AE41F76AA08009F8B65 /* TZVideoPlayerController.h */,
				541B1AF01F76AA09009F8B65 /* TZVideoPlayerController.m */,
				541B1AF61F76AA0A009F8B65 /* UIView+Layout.h */,
				541B1AF71F76AA0A009F8B65 /* UIView+Layout.m */,
			);
			path = TZImagePickerController;
			sourceTree = "<group>";
		};
		541B1AF91F76AB15009F8B65 /* Frameworks */ = {
			isa = PBXGroup;
			children = (
				541B1AFD1F76AC0B009F8B65 /* Photos.framework */,
				541B1AFB1F76ABF2009F8B65 /* AssetsLibrary.framework */,
			);
			name = Frameworks;
			sourceTree = "<group>";
		};
		546800711F752E8900CBA513 /* Interface */ = {
			isa = PBXGroup;
			children = (
				5827FCE71F768E76004BBFB0 /* TabBar */,
				54CD26E61F7604EC0027EA3A /* PetHome */,
				54CD26E51F7603DC0027EA3A /* Follow */,
				54CD26E41F7603C90027EA3A /* Publish */,
				584A0BD21F7107A7006BC776 /* User */,
				584A0BD11F71079A006BC776 /* Pets */,
			);
			path = Interface;
			sourceTree = "<group>";
		};
		546800721F752EB200CBA513 /* Framework */ = {
			isa = PBXGroup;
			children = (
				541B1ADB1F76A9D2009F8B65 /* TZImagePickerController */,
			);
			path = Framework;
			sourceTree = "<group>";
		};
		546800731F752ECA00CBA513 /* Global */ = {
			isa = PBXGroup;
			children = (
			);
			path = Global;
			sourceTree = "<group>";
		};
		546800741F752ED600CBA513 /* Supporting Files */ = {
			isa = PBXGroup;
			children = (
				5827FCD21F7627B2004BBFB0 /* IMG_5324.mov */,
				584A0B9F1F710532006BC776 /* AppDelegate.h */,
				584A0BA01F710532006BC776 /* AppDelegate.m */,
				584A0BA21F710532006BC776 /* ViewController.h */,
				584A0BA31F710532006BC776 /* ViewController.m */,
				584A0BA81F710532006BC776 /* Assets.xcassets */,
				584A0BAA1F710532006BC776 /* LaunchScreen.storyboard */,
				5827FCDC1F76654A004BBFB0 /* Main.storyboard */,
				584A0BAD1F710532006BC776 /* Info.plist */,
				584A0BAE1F710532006BC776 /* main.m */,
			);
			path = "Supporting Files";
			sourceTree = "<group>";
		};
		54CD26E41F7603C90027EA3A /* Publish */ = {
			isa = PBXGroup;
			children = (
				54CD26EB1F76055F0027EA3A /* CLPPublish.storyboard */,
				5827FCED1F7694EE004BBFB0 /* CLPPublishPopupViewController.h */,
				5827FCEE1F7694EE004BBFB0 /* CLPPublishPopupViewController.m */,
				5827FCF01F7697DE004BBFB0 /* CLPPublishPopupBackgroundViewController.h */,
				5827FCF11F7697DE004BBFB0 /* CLPPublishPopupBackgroundViewController.m */,
			);
			path = Publish;
			sourceTree = "<group>";
		};
		54CD26E51F7603DC0027EA3A /* Follow */ = {
			isa = PBXGroup;
			children = (
				541B1AA41F769638009F8B65 /* petvideo1.mp4 */,
				541B1AA51F769638009F8B65 /* petvideo2.mp4 */,
				541B1AA31F769638009F8B65 /* petvideo3.mp4 */,
				541B1AA21F769638009F8B65 /* petvideo4.mp4 */,
				54CD26E91F7605440027EA3A /* CLPFollow.storyboard */,
				54CD26EF1F76072F0027EA3A /* CLPFollowViewController.h */,
				54CD26F01F76072F0027EA3A /* CLPFollowViewController.m */,
				54CD26F21F7609A20027EA3A /* CLPFollowVideoTableViewCell.h */,
				54CD26F31F7609A20027EA3A /* CLPFollowVideoTableViewCell.m */,
				54CD26F41F7609A20027EA3A /* CLPFollowVideoTableViewCell.xib */,
				54CD26F71F7609E10027EA3A /* CLPFollowImageTableViewCell.h */,
				54CD26F81F7609E10027EA3A /* CLPFollowImageTableViewCell.m */,
				54CD26F91F7609E10027EA3A /* CLPFollowImageTableViewCell.xib */,
			);
			path = Follow;
			sourceTree = "<group>";
		};
		54CD26E61F7604EC0027EA3A /* PetHome */ = {
			isa = PBXGroup;
			children = (
				54CD26E71F76051E0027EA3A /* CLPPetHome.storyboard */,
				5827FCF31F76A429004BBFB0 /* CLPPetHomeViewController.h */,
				5827FCF41F76A429004BBFB0 /* CLPPetHomeViewController.m */,
				5460FD671F76D00C00646E2B /* CLPArticleViewController.h */,
				5460FD681F76D00C00646E2B /* CLPArticleViewController.m */,
				5460FD6D1F76D07600646E2B /* CLPArticleDetailViewController.h */,
				5460FD6E1F76D07600646E2B /* CLPArticleDetailViewController.m */,
			);
			path = PetHome;
			sourceTree = "<group>";
		};
		5827FCE71F768E76004BBFB0 /* TabBar */ = {
			isa = PBXGroup;
			children = (
				5827FCE81F768E9C004BBFB0 /* CLPTabBarController.h */,
				5827FCE91F768E9C004BBFB0 /* CLPTabBarController.m */,
			);
			path = TabBar;
			sourceTree = "<group>";
		};
		584A0B931F710532006BC776 = {
			isa = PBXGroup;
			children = (
				584A0B9E1F710532006BC776 /* CloudPets */,
				584A0BB71F710533006BC776 /* CloudPetsTests */,
				584A0BC21F710533006BC776 /* CloudPetsUITests */,
				584A0B9D1F710532006BC776 /* Products */,
				541B1AF91F76AB15009F8B65 /* Frameworks */,
			);
			sourceTree = "<group>";
		};
		584A0B9D1F710532006BC776 /* Products */ = {
			isa = PBXGroup;
			children = (
				584A0B9C1F710532006BC776 /* CloudPets.app */,
				584A0BB41F710533006BC776 /* CloudPetsTests.xctest */,
				584A0BBF1F710533006BC776 /* CloudPetsUITests.xctest */,
			);
			name = Products;
			sourceTree = "<group>";
		};
		584A0B9E1F710532006BC776 /* CloudPets */ = {
			isa = PBXGroup;
			children = (
				546800741F752ED600CBA513 /* Supporting Files */,
				546800731F752ECA00CBA513 /* Global */,
				546800721F752EB200CBA513 /* Framework */,
				546800711F752E8900CBA513 /* Interface */,
			);
			path = CloudPets;
			sourceTree = "<group>";
		};
		584A0BB71F710533006BC776 /* CloudPetsTests */ = {
			isa = PBXGroup;
			children = (
				584A0BB81F710533006BC776 /* CloudPetsTests.m */,
				584A0BBA1F710533006BC776 /* Info.plist */,
			);
			path = CloudPetsTests;
			sourceTree = "<group>";
		};
		584A0BC21F710533006BC776 /* CloudPetsUITests */ = {
			isa = PBXGroup;
			children = (
				584A0BC31F710533006BC776 /* CloudPetsUITests.m */,
				584A0BC51F710533006BC776 /* Info.plist */,
			);
			path = CloudPetsUITests;
			sourceTree = "<group>";
		};
		584A0BD11F71079A006BC776 /* Pets */ = {
			isa = PBXGroup;
			children = (
				584A0BD31F7107D3006BC776 /* CLPPetListCollectionViewController.h */,
				584A0BD41F7107D3006BC776 /* CLPPetListCollectionViewController.m */,
				584A0BD91F710DD5006BC776 /* CLPPetShowcaseTableViewController.h */,
				584A0BDA1F710DD5006BC776 /* CLPPetShowcaseTableViewController.m */,
				5827FCD31F76286F004BBFB0 /* CLPPetsVideoPlayerViewController.h */,
				5827FCD41F76286F004BBFB0 /* CLPPetsVideoPlayerViewController.m */,
				5827FCD01F760938004BBFB0 /* CLPPets.storyboard */,
				5827FCE21F767333004BBFB0 /* CLPPetsListCollectionViewCell.h */,
				5827FCE31F767333004BBFB0 /* CLPPetsListCollectionViewCell.m */,
				5827FCE41F767333004BBFB0 /* CLPPetsListCollectionViewCell.xib */,
			);
			path = Pets;
			sourceTree = "<group>";
		};
		584A0BD21F7107A7006BC776 /* User */ = {
			isa = PBXGroup;
			children = (
				58B2FCF51F71241300966D7E /* CLPetLiveViewController.h */,
				58B2FCF61F71241300966D7E /* CLPetLiveViewController.m */,
				54CD26ED1F7605710027EA3A /* CLPUser.storyboard */,
			);
			path = User;
			sourceTree = "<group>";
		};
/* End PBXGroup section */

/* Begin PBXNativeTarget section */
		584A0B9B1F710532006BC776 /* CloudPets */ = {
			isa = PBXNativeTarget;
			buildConfigurationList = 584A0BC81F710533006BC776 /* Build configuration list for PBXNativeTarget "CloudPets" */;
			buildPhases = (
				584A0B981F710532006BC776 /* Sources */,
				584A0B991F710532006BC776 /* Frameworks */,
				584A0B9A1F710532006BC776 /* Resources */,
			);
			buildRules = (
			);
			dependencies = (
			);
			name = CloudPets;
			productName = CloudPets;
			productReference = 584A0B9C1F710532006BC776 /* CloudPets.app */;
			productType = "com.apple.product-type.application";
		};
		584A0BB31F710533006BC776 /* CloudPetsTests */ = {
			isa = PBXNativeTarget;
			buildConfigurationList = 584A0BCB1F710533006BC776 /* Build configuration list for PBXNativeTarget "CloudPetsTests" */;
			buildPhases = (
				584A0BB01F710533006BC776 /* Sources */,
				584A0BB11F710533006BC776 /* Frameworks */,
				584A0BB21F710533006BC776 /* Resources */,
			);
			buildRules = (
			);
			dependencies = (
				584A0BB61F710533006BC776 /* PBXTargetDependency */,
			);
			name = CloudPetsTests;
			productName = CloudPetsTests;
			productReference = 584A0BB41F710533006BC776 /* CloudPetsTests.xctest */;
			productType = "com.apple.product-type.bundle.unit-test";
		};
		584A0BBE1F710533006BC776 /* CloudPetsUITests */ = {
			isa = PBXNativeTarget;
			buildConfigurationList = 584A0BCE1F710533006BC776 /* Build configuration list for PBXNativeTarget "CloudPetsUITests" */;
			buildPhases = (
				584A0BBB1F710533006BC776 /* Sources */,
				584A0BBC1F710533006BC776 /* Frameworks */,
				584A0BBD1F710533006BC776 /* Resources */,
			);
			buildRules = (
			);
			dependencies = (
				584A0BC11F710533006BC776 /* PBXTargetDependency */,
			);
			name = CloudPetsUITests;
			productName = CloudPetsUITests;
			productReference = 584A0BBF1F710533006BC776 /* CloudPetsUITests.xctest */;
			productType = "com.apple.product-type.bundle.ui-testing";
		};
/* End PBXNativeTarget section */

/* Begin PBXProject section */
		584A0B941F710532006BC776 /* Project object */ = {
			isa = PBXProject;
			attributes = {
				LastUpgradeCheck = 0900;
				ORGANIZATIONNAME = icestraw;
				TargetAttributes = {
					584A0B9B1F710532006BC776 = {
						CreatedOnToolsVersion = 9.0;
						ProvisioningStyle = Automatic;
					};
					584A0BB31F710533006BC776 = {
						CreatedOnToolsVersion = 9.0;
						ProvisioningStyle = Automatic;
						TestTargetID = 584A0B9B1F710532006BC776;
					};
					584A0BBE1F710533006BC776 = {
						CreatedOnToolsVersion = 9.0;
						ProvisioningStyle = Automatic;
						TestTargetID = 584A0B9B1F710532006BC776;
					};
				};
			};
			buildConfigurationList = 584A0B971F710532006BC776 /* Build configuration list for PBXProject "CloudPets" */;
			compatibilityVersion = "Xcode 8.0";
			developmentRegion = en;
			hasScannedForEncodings = 0;
			knownRegions = (
				en,
				Base,
			);
			mainGroup = 584A0B931F710532006BC776;
			productRefGroup = 584A0B9D1F710532006BC776 /* Products */;
			projectDirPath = "";
			projectRoot = "";
			targets = (
				584A0B9B1F710532006BC776 /* CloudPets */,
				584A0BB31F710533006BC776 /* CloudPetsTests */,
				584A0BBE1F710533006BC776 /* CloudPetsUITests */,
			);
		};
/* End PBXProject section */

/* Begin PBXResourcesBuildPhase section */
		584A0B9A1F710532006BC776 /* Resources */ = {
			isa = PBXResourcesBuildPhase;
			buildActionMask = 2147483647;
			files = (
				5827FCD61F762F35004BBFB0 /* IMG_5324.mov in Resources */,
				5827FCDE1F7665D6004BBFB0 /* Main.storyboard in Resources */,
				541B1AFF1F76AC6E009F8B65 /* TZImagePickerController.bundle in Resources */,
				54CD26EA1F7605440027EA3A /* CLPFollow.storyboard in Resources */,
				541B1AA71F769638009F8B65 /* petvideo3.mp4 in Resources */,
				584A0BAC1F710532006BC776 /* LaunchScreen.storyboard in Resources */,
				54CD26FB1F7609E10027EA3A /* CLPFollowImageTableViewCell.xib in Resources */,
				54CD26E81F76051E0027EA3A /* CLPPetHome.storyboard in Resources */,
				54CD26EE1F7605710027EA3A /* CLPUser.storyboard in Resources */,
				541B1AA81F769638009F8B65 /* petvideo1.mp4 in Resources */,
				541B1AA61F769638009F8B65 /* petvideo4.mp4 in Resources */,
				54CD26F61F7609A20027EA3A /* CLPFollowVideoTableViewCell.xib in Resources */,
				5827FCE61F767333004BBFB0 /* CLPPetsListCollectionViewCell.xib in Resources */,
				5827FCD11F760938004BBFB0 /* CLPPets.storyboard in Resources */,
				584A0BA91F710532006BC776 /* Assets.xcassets in Resources */,
				541B1AA91F769638009F8B65 /* petvideo2.mp4 in Resources */,
				54CD26EC1F76055F0027EA3A /* CLPPublish.storyboard in Resources */,
			);
			runOnlyForDeploymentPostprocessing = 0;
		};
		584A0BB21F710533006BC776 /* Resources */ = {
			isa = PBXResourcesBuildPhase;
			buildActionMask = 2147483647;
			files = (
			);
			runOnlyForDeploymentPostprocessing = 0;
		};
		584A0BBD1F710533006BC776 /* Resources */ = {
			isa = PBXResourcesBuildPhase;
			buildActionMask = 2147483647;
			files = (
			);
			runOnlyForDeploymentPostprocessing = 0;
		};
/* End PBXResourcesBuildPhase section */

/* Begin PBXSourcesBuildPhase section */
		584A0B981F710532006BC776 /* Sources */ = {
			isa = PBXSourcesBuildPhase;
			buildActionMask = 2147483647;
			files = (
				584A0BA41F710532006BC776 /* ViewController.m in Sources */,
				54CD26F11F76072F0027EA3A /* CLPFollowViewController.m in Sources */,
				58B2FCF71F71241300966D7E /* CLPetLiveViewController.m in Sources */,
				584A0BAF1F710532006BC776 /* main.m in Sources */,
				5827FCE51F767333004BBFB0 /* CLPPetsListCollectionViewCell.m in Sources */,
				5827FCEF1F7694EE004BBFB0 /* CLPPublishPopupViewController.m in Sources */,
				54CD26F51F7609A20027EA3A /* CLPFollowVideoTableViewCell.m in Sources */,
				541B1B011F76ACC1009F8B65 /* TZAssetCell.m in Sources */,
				541B1B031F76ACC5009F8B65 /* TZImageCropManager.m in Sources */,
				541B1B0D1F76ADBF009F8B65 /* TZAssetModel.m in Sources */,
				541B1B041F76ACC6009F8B65 /* TZImageManager.m in Sources */,
				541B1B051F76ACC8009F8B65 /* TZImagePickerController.m in Sources */,
				541B1B021F76ACC3009F8B65 /* TZGifPhotoPreviewController.m in Sources */,
				541B1B081F76ACCD009F8B65 /* TZPhotoPreviewCell.m in Sources */,
				541B1B071F76ACCB009F8B65 /* TZPhotoPickerController.m in Sources */,
				541B1B001F76ACBE009F8B65 /* NSBundle+TZImagePicker.m in Sources */,
				541B1B061F76ACCA009F8B65 /* TZLocationManager.m in Sources */,
				541B1B091F76ACCE009F8B65 /* TZPhotoPreviewController.m in Sources */,
				541B1B0B1F76ACD1009F8B65 /* TZVideoPlayerController.m in Sources */,
				5460FD6F1F76D07600646E2B /* CLPArticleDetailViewController.m in Sources */,
				541B1B0C1F76ACD3009F8B65 /* UIView+Layout.m in Sources */,
				541B1B0A1F76ACD0009F8B65 /* TZProgressView.m in Sources */,
				5827FCF21F7697DE004BBFB0 /* CLPPublishPopupBackgroundViewController.m in Sources */,
				54CD26FA1F7609E10027EA3A /* CLPFollowImageTableViewCell.m in Sources */,
				584A0BDB1F710DD5006BC776 /* CLPPetShowcaseTableViewController.m in Sources */,
				584A0BD51F7107D3006BC776 /* CLPPetListCollectionViewController.m in Sources */,
				584A0BA11F710532006BC776 /* AppDelegate.m in Sources */,
				5827FCF51F76A429004BBFB0 /* CLPPetHomeViewController.m in Sources */,
				5827FCD51F76286F004BBFB0 /* CLPPetsVideoPlayerViewController.m in Sources */,
				5827FCEA1F768E9C004BBFB0 /* CLPTabBarController.m in Sources */,
				5460FD691F76D00C00646E2B /* CLPArticleViewController.m in Sources */,
			);
			runOnlyForDeploymentPostprocessing = 0;
		};
		584A0BB01F710533006BC776 /* Sources */ = {
			isa = PBXSourcesBuildPhase;
			buildActionMask = 2147483647;
			files = (
				584A0BB91F710533006BC776 /* CloudPetsTests.m in Sources */,
			);
			runOnlyForDeploymentPostprocessing = 0;
		};
		584A0BBB1F710533006BC776 /* Sources */ = {
			isa = PBXSourcesBuildPhase;
			buildActionMask = 2147483647;
			files = (
				584A0BC41F710533006BC776 /* CloudPetsUITests.m in Sources */,
			);
			runOnlyForDeploymentPostprocessing = 0;
		};
/* End PBXSourcesBuildPhase section */

/* Begin PBXTargetDependency section */
		584A0BB61F710533006BC776 /* PBXTargetDependency */ = {
			isa = PBXTargetDependency;
			target = 584A0B9B1F710532006BC776 /* CloudPets */;
			targetProxy = 584A0BB51F710533006BC776 /* PBXContainerItemProxy */;
		};
		584A0BC11F710533006BC776 /* PBXTargetDependency */ = {
			isa = PBXTargetDependency;
			target = 584A0B9B1F710532006BC776 /* CloudPets */;
			targetProxy = 584A0BC01F710533006BC776 /* PBXContainerItemProxy */;
		};
/* End PBXTargetDependency section */

/* Begin PBXVariantGroup section */
		5827FCDC1F76654A004BBFB0 /* Main.storyboard */ = {
			isa = PBXVariantGroup;
			children = (
				5827FCDD1F76654A004BBFB0 /* Base */,
			);
			name = Main.storyboard;
			sourceTree = "<group>";
		};
		584A0BAA1F710532006BC776 /* LaunchScreen.storyboard */ = {
			isa = PBXVariantGroup;
			children = (
				584A0BAB1F710532006BC776 /* Base */,
			);
			name = LaunchScreen.storyboard;
			sourceTree = "<group>";
		};
/* End PBXVariantGroup section */

/* Begin XCBuildConfiguration section */
		584A0BC61F710533006BC776 /* Debug */ = {
			isa = XCBuildConfiguration;
			buildSettings = {
				ALWAYS_SEARCH_USER_PATHS = NO;
				CLANG_ANALYZER_NONNULL = YES;
				CLANG_ANALYZER_NUMBER_OBJECT_CONVERSION = YES_AGGRESSIVE;
				CLANG_CXX_LANGUAGE_STANDARD = "gnu++14";
				CLANG_CXX_LIBRARY = "libc++";
				CLANG_ENABLE_MODULES = YES;
				CLANG_ENABLE_OBJC_ARC = YES;
				CLANG_WARN_BLOCK_CAPTURE_AUTORELEASING = YES;
				CLANG_WARN_BOOL_CONVERSION = YES;
				CLANG_WARN_COMMA = YES;
				CLANG_WARN_CONSTANT_CONVERSION = YES;
				CLANG_WARN_DIRECT_OBJC_ISA_USAGE = YES_ERROR;
				CLANG_WARN_DOCUMENTATION_COMMENTS = YES;
				CLANG_WARN_EMPTY_BODY = YES;
				CLANG_WARN_ENUM_CONVERSION = YES;
				CLANG_WARN_INFINITE_RECURSION = YES;
				CLANG_WARN_INT_CONVERSION = YES;
				CLANG_WARN_NON_LITERAL_NULL_CONVERSION = YES;
				CLANG_WARN_OBJC_LITERAL_CONVERSION = YES;
				CLANG_WARN_OBJC_ROOT_CLASS = YES_ERROR;
				CLANG_WARN_RANGE_LOOP_ANALYSIS = YES;
				CLANG_WARN_STRICT_PROTOTYPES = YES;
				CLANG_WARN_SUSPICIOUS_MOVE = YES;
				CLANG_WARN_UNGUARDED_AVAILABILITY = YES_AGGRESSIVE;
				CLANG_WARN_UNREACHABLE_CODE = YES;
				CLANG_WARN__DUPLICATE_METHOD_MATCH = YES;
				CODE_SIGN_IDENTITY = "iPhone Developer";
				COPY_PHASE_STRIP = NO;
				DEBUG_INFORMATION_FORMAT = dwarf;
				ENABLE_STRICT_OBJC_MSGSEND = YES;
				ENABLE_TESTABILITY = YES;
				GCC_C_LANGUAGE_STANDARD = gnu11;
				GCC_DYNAMIC_NO_PIC = NO;
				GCC_NO_COMMON_BLOCKS = YES;
				GCC_OPTIMIZATION_LEVEL = 0;
				GCC_PREPROCESSOR_DEFINITIONS = (
					"DEBUG=1",
					"$(inherited)",
				);
				GCC_WARN_64_TO_32_BIT_CONVERSION = YES;
				GCC_WARN_ABOUT_RETURN_TYPE = YES_ERROR;
				GCC_WARN_UNDECLARED_SELECTOR = YES;
				GCC_WARN_UNINITIALIZED_AUTOS = YES_AGGRESSIVE;
				GCC_WARN_UNUSED_FUNCTION = YES;
				GCC_WARN_UNUSED_VARIABLE = YES;
				IPHONEOS_DEPLOYMENT_TARGET = 11.0;
				MTL_ENABLE_DEBUG_INFO = YES;
				ONLY_ACTIVE_ARCH = YES;
				SDKROOT = iphoneos;
			};
			name = Debug;
		};
		584A0BC71F710533006BC776 /* Release */ = {
			isa = XCBuildConfiguration;
			buildSettings = {
				ALWAYS_SEARCH_USER_PATHS = NO;
				CLANG_ANALYZER_NONNULL = YES;
				CLANG_ANALYZER_NUMBER_OBJECT_CONVERSION = YES_AGGRESSIVE;
				CLANG_CXX_LANGUAGE_STANDARD = "gnu++14";
				CLANG_CXX_LIBRARY = "libc++";
				CLANG_ENABLE_MODULES = YES;
				CLANG_ENABLE_OBJC_ARC = YES;
				CLANG_WARN_BLOCK_CAPTURE_AUTORELEASING = YES;
				CLANG_WARN_BOOL_CONVERSION = YES;
				CLANG_WARN_COMMA = YES;
				CLANG_WARN_CONSTANT_CONVERSION = YES;
				CLANG_WARN_DIRECT_OBJC_ISA_USAGE = YES_ERROR;
				CLANG_WARN_DOCUMENTATION_COMMENTS = YES;
				CLANG_WARN_EMPTY_BODY = YES;
				CLANG_WARN_ENUM_CONVERSION = YES;
				CLANG_WARN_INFINITE_RECURSION = YES;
				CLANG_WARN_INT_CONVERSION = YES;
				CLANG_WARN_NON_LITERAL_NULL_CONVERSION = YES;
				CLANG_WARN_OBJC_LITERAL_CONVERSION = YES;
				CLANG_WARN_OBJC_ROOT_CLASS = YES_ERROR;
				CLANG_WARN_RANGE_LOOP_ANALYSIS = YES;
				CLANG_WARN_STRICT_PROTOTYPES = YES;
				CLANG_WARN_SUSPICIOUS_MOVE = YES;
				CLANG_WARN_UNGUARDED_AVAILABILITY = YES_AGGRESSIVE;
				CLANG_WARN_UNREACHABLE_CODE = YES;
				CLANG_WARN__DUPLICATE_METHOD_MATCH = YES;
				CODE_SIGN_IDENTITY = "iPhone Developer";
				COPY_PHASE_STRIP = NO;
				DEBUG_INFORMATION_FORMAT = "dwarf-with-dsym";
				ENABLE_NS_ASSERTIONS = NO;
				ENABLE_STRICT_OBJC_MSGSEND = YES;
				GCC_C_LANGUAGE_STANDARD = gnu11;
				GCC_NO_COMMON_BLOCKS = YES;
				GCC_WARN_64_TO_32_BIT_CONVERSION = YES;
				GCC_WARN_ABOUT_RETURN_TYPE = YES_ERROR;
				GCC_WARN_UNDECLARED_SELECTOR = YES;
				GCC_WARN_UNINITIALIZED_AUTOS = YES_AGGRESSIVE;
				GCC_WARN_UNUSED_FUNCTION = YES;
				GCC_WARN_UNUSED_VARIABLE = YES;
				IPHONEOS_DEPLOYMENT_TARGET = 11.0;
				MTL_ENABLE_DEBUG_INFO = NO;
				SDKROOT = iphoneos;
				VALIDATE_PRODUCT = YES;
			};
			name = Release;
		};
		584A0BC91F710533006BC776 /* Debug */ = {
			isa = XCBuildConfiguration;
			buildSettings = {
				ASSETCATALOG_COMPILER_APPICON_NAME = AppIcon;
				CODE_SIGN_STYLE = Automatic;
				DEVELOPMENT_TEAM = 2UR8UJ94NS;
				INFOPLIST_FILE = "$(SRCROOT)/CloudPets/Supporting Files/Info.plist";
				LD_RUNPATH_SEARCH_PATHS = "$(inherited) @executable_path/Frameworks";
				PRODUCT_BUNDLE_IDENTIFIER = me.icestraw.CloudPets;
				PRODUCT_NAME = "$(TARGET_NAME)";
				TARGETED_DEVICE_FAMILY = "1,2";
			};
			name = Debug;
		};
		584A0BCA1F710533006BC776 /* Release */ = {
			isa = XCBuildConfiguration;
			buildSettings = {
				ASSETCATALOG_COMPILER_APPICON_NAME = AppIcon;
				CODE_SIGN_STYLE = Automatic;
				DEVELOPMENT_TEAM = 2UR8UJ94NS;
				INFOPLIST_FILE = "$(SRCROOT)/CloudPets/Supporting Files/Info.plist";
				LD_RUNPATH_SEARCH_PATHS = "$(inherited) @executable_path/Frameworks";
				PRODUCT_BUNDLE_IDENTIFIER = me.icestraw.CloudPets;
				PRODUCT_NAME = "$(TARGET_NAME)";
				TARGETED_DEVICE_FAMILY = "1,2";
			};
			name = Release;
		};
		584A0BCC1F710533006BC776 /* Debug */ = {
			isa = XCBuildConfiguration;
			buildSettings = {
				BUNDLE_LOADER = "$(TEST_HOST)";
				CODE_SIGN_STYLE = Automatic;
				INFOPLIST_FILE = CloudPetsTests/Info.plist;
				LD_RUNPATH_SEARCH_PATHS = "$(inherited) @executable_path/Frameworks @loader_path/Frameworks";
				PRODUCT_BUNDLE_IDENTIFIER = me.icestraw.CloudPetsTests;
				PRODUCT_NAME = "$(TARGET_NAME)";
				TARGETED_DEVICE_FAMILY = "1,2";
				TEST_HOST = "$(BUILT_PRODUCTS_DIR)/CloudPets.app/CloudPets";
			};
			name = Debug;
		};
		584A0BCD1F710533006BC776 /* Release */ = {
			isa = XCBuildConfiguration;
			buildSettings = {
				BUNDLE_LOADER = "$(TEST_HOST)";
				CODE_SIGN_STYLE = Automatic;
				INFOPLIST_FILE = CloudPetsTests/Info.plist;
				LD_RUNPATH_SEARCH_PATHS = "$(inherited) @executable_path/Frameworks @loader_path/Frameworks";
				PRODUCT_BUNDLE_IDENTIFIER = me.icestraw.CloudPetsTests;
				PRODUCT_NAME = "$(TARGET_NAME)";
				TARGETED_DEVICE_FAMILY = "1,2";
				TEST_HOST = "$(BUILT_PRODUCTS_DIR)/CloudPets.app/CloudPets";
			};
			name = Release;
		};
		584A0BCF1F710533006BC776 /* Debug */ = {
			isa = XCBuildConfiguration;
			buildSettings = {
				CODE_SIGN_STYLE = Automatic;
				INFOPLIST_FILE = CloudPetsUITests/Info.plist;
				LD_RUNPATH_SEARCH_PATHS = "$(inherited) @executable_path/Frameworks @loader_path/Frameworks";
				PRODUCT_BUNDLE_IDENTIFIER = me.icestraw.CloudPetsUITests;
				PRODUCT_NAME = "$(TARGET_NAME)";
				TARGETED_DEVICE_FAMILY = "1,2";
				TEST_TARGET_NAME = CloudPets;
			};
			name = Debug;
		};
		584A0BD01F710533006BC776 /* Release */ = {
			isa = XCBuildConfiguration;
			buildSettings = {
				CODE_SIGN_STYLE = Automatic;
				INFOPLIST_FILE = CloudPetsUITests/Info.plist;
				LD_RUNPATH_SEARCH_PATHS = "$(inherited) @executable_path/Frameworks @loader_path/Frameworks";
				PRODUCT_BUNDLE_IDENTIFIER = me.icestraw.CloudPetsUITests;
				PRODUCT_NAME = "$(TARGET_NAME)";
				TARGETED_DEVICE_FAMILY = "1,2";
				TEST_TARGET_NAME = CloudPets;
			};
			name = Release;
		};
/* End XCBuildConfiguration section */

/* Begin XCConfigurationList section */
		584A0B971F710532006BC776 /* Build configuration list for PBXProject "CloudPets" */ = {
			isa = XCConfigurationList;
			buildConfigurations = (
				584A0BC61F710533006BC776 /* Debug */,
				584A0BC71F710533006BC776 /* Release */,
			);
			defaultConfigurationIsVisible = 0;
			defaultConfigurationName = Release;
		};
		584A0BC81F710533006BC776 /* Build configuration list for PBXNativeTarget "CloudPets" */ = {
			isa = XCConfigurationList;
			buildConfigurations = (
				584A0BC91F710533006BC776 /* Debug */,
				584A0BCA1F710533006BC776 /* Release */,
			);
			defaultConfigurationIsVisible = 0;
			defaultConfigurationName = Release;
		};
		584A0BCB1F710533006BC776 /* Build configuration list for PBXNativeTarget "CloudPetsTests" */ = {
			isa = XCConfigurationList;
			buildConfigurations = (
				584A0BCC1F710533006BC776 /* Debug */,
				584A0BCD1F710533006BC776 /* Release */,
			);
			defaultConfigurationIsVisible = 0;
			defaultConfigurationName = Release;
		};
		584A0BCE1F710533006BC776 /* Build configuration list for PBXNativeTarget "CloudPetsUITests" */ = {
			isa = XCConfigurationList;
			buildConfigurations = (
				584A0BCF1F710533006BC776 /* Debug */,
				584A0BD01F710533006BC776 /* Release */,
			);
			defaultConfigurationIsVisible = 0;
			defaultConfigurationName = Release;
		};
/* End XCConfigurationList section */
	};
	rootObject = 584A0B941F710532006BC776 /* Project object */;
}
